// !$*UTF8*$!
{
	archiveVersion = 1;
	classes = {
	};
	objectVersion = 50;
	objects = {

/* Begin PBXBuildFile section */
		6919579821876ABB00DED1D2 /* AtmListViewController.swift in Sources */ = {isa = PBXBuildFile; fileRef = 6919579721876ABB00DED1D2 /* AtmListViewController.swift */; };
		6919579A21876AC900DED1D2 /* AtmListViewController.xib in Resources */ = {isa = PBXBuildFile; fileRef = 6919579921876AC900DED1D2 /* AtmListViewController.xib */; };
		6919579C2187743A00DED1D2 /* Localizable.strings in Resources */ = {isa = PBXBuildFile; fileRef = 6919579B2187743A00DED1D2 /* Localizable.strings */; };
		6919579E2187749500DED1D2 /* Localizable.swift in Sources */ = {isa = PBXBuildFile; fileRef = 6919579D2187749500DED1D2 /* Localizable.swift */; };
		691957A12187797700DED1D2 /* AtmListCell.swift in Sources */ = {isa = PBXBuildFile; fileRef = 691957A02187797700DED1D2 /* AtmListCell.swift */; };
		691957A32187798200DED1D2 /* AtmListCell.xib in Resources */ = {isa = PBXBuildFile; fileRef = 691957A22187798200DED1D2 /* AtmListCell.xib */; };
		691957A521877CAA00DED1D2 /* AtmListCellViewModel.swift in Sources */ = {isa = PBXBuildFile; fileRef = 691957A421877CAA00DED1D2 /* AtmListCellViewModel.swift */; };
		691957A72187807900DED1D2 /* UITableView+MapNavigator.swift in Sources */ = {isa = PBXBuildFile; fileRef = 691957A62187807900DED1D2 /* UITableView+MapNavigator.swift */; };
		7414838421854687004296AE /* AppDelegate.swift in Sources */ = {isa = PBXBuildFile; fileRef = 7414838321854687004296AE /* AppDelegate.swift */; };
		7414838B21854689004296AE /* Assets.xcassets in Resources */ = {isa = PBXBuildFile; fileRef = 7414838A21854689004296AE /* Assets.xcassets */; };
		7414838E21854689004296AE /* LaunchScreen.storyboard in Resources */ = {isa = PBXBuildFile; fileRef = 7414838C21854689004296AE /* LaunchScreen.storyboard */; };
		7414839921854689004296AE /* MapNavigatorTests.swift in Sources */ = {isa = PBXBuildFile; fileRef = 7414839821854689004296AE /* MapNavigatorTests.swift */; };
		744F53E521854E86006DB829 /* MainCoordinator.swift in Sources */ = {isa = PBXBuildFile; fileRef = 744F53E421854E86006DB829 /* MainCoordinator.swift */; };
		744F53E721854FD0006DB829 /* InitialScreenViewController.swift in Sources */ = {isa = PBXBuildFile; fileRef = 744F53E621854FD0006DB829 /* InitialScreenViewController.swift */; };
		744F53E921855457006DB829 /* RootController.swift in Sources */ = {isa = PBXBuildFile; fileRef = 744F53E821855457006DB829 /* RootController.swift */; };
		744F53ED2185559F006DB829 /* UIView+MapNavigator.swift in Sources */ = {isa = PBXBuildFile; fileRef = 744F53EC2185559F006DB829 /* UIView+MapNavigator.swift */; };
		744F53EF21855838006DB829 /* InitialScreenViewController.xib in Resources */ = {isa = PBXBuildFile; fileRef = 744F53EE21855838006DB829 /* InitialScreenViewController.xib */; };
		744F53F521867D6A006DB829 /* ATM_20181005_DEV.json in Resources */ = {isa = PBXBuildFile; fileRef = 744F53F421867D6A006DB829 /* ATM_20181005_DEV.json */; };
		744F53F72186815E006DB829 /* Services.swift in Sources */ = {isa = PBXBuildFile; fileRef = 744F53F62186815E006DB829 /* Services.swift */; };
		744F53FB218684E1006DB829 /* Atm.swift in Sources */ = {isa = PBXBuildFile; fileRef = 744F53FA218684E1006DB829 /* Atm.swift */; };
		744F53FD2186863E006DB829 /* Address.swift in Sources */ = {isa = PBXBuildFile; fileRef = 744F53FC2186863E006DB829 /* Address.swift */; };
		744F53FF218688E4006DB829 /* OpeningHours.swift in Sources */ = {isa = PBXBuildFile; fileRef = 744F53FE218688E4006DB829 /* OpeningHours.swift */; };
		744F540121868B93006DB829 /* Ratings.swift in Sources */ = {isa = PBXBuildFile; fileRef = 744F540021868B93006DB829 /* Ratings.swift */; };
		744F540321868E6F006DB829 /* InitialScreenViewModel.swift in Sources */ = {isa = PBXBuildFile; fileRef = 744F540221868E6F006DB829 /* InitialScreenViewModel.swift */; };
		744F540521869AA0006DB829 /* String+MapNavigator.swift in Sources */ = {isa = PBXBuildFile; fileRef = 744F540421869AA0006DB829 /* String+MapNavigator.swift */; };
		74A3F8491CF35D4C7CC9FE0B /* libPods-MapNavigator.a in Frameworks */ = {isa = PBXBuildFile; fileRef = A222C5E949319421C63D1190 /* libPods-MapNavigator.a */; };
/* End PBXBuildFile section */

/* Begin PBXContainerItemProxy section */
		7414839521854689004296AE /* PBXContainerItemProxy */ = {
			isa = PBXContainerItemProxy;
			containerPortal = 7414837821854687004296AE /* Project object */;
			proxyType = 1;
			remoteGlobalIDString = 7414837F21854687004296AE;
			remoteInfo = MapNavigator;
		};
/* End PBXContainerItemProxy section */

/* Begin PBXFileReference section */
		573A6B81356B90102350239B /* Pods-MapNavigator.release.xcconfig */ = {isa = PBXFileReference; includeInIndex = 1; lastKnownFileType = text.xcconfig; name = "Pods-MapNavigator.release.xcconfig"; path = "Pods/Target Support Files/Pods-MapNavigator/Pods-MapNavigator.release.xcconfig"; sourceTree = "<group>"; };
		6919579721876ABB00DED1D2 /* AtmListViewController.swift */ = {isa = PBXFileReference; lastKnownFileType = sourcecode.swift; path = AtmListViewController.swift; sourceTree = "<group>"; };
		6919579921876AC900DED1D2 /* AtmListViewController.xib */ = {isa = PBXFileReference; lastKnownFileType = file.xib; path = AtmListViewController.xib; sourceTree = "<group>"; };
		6919579B2187743A00DED1D2 /* Localizable.strings */ = {isa = PBXFileReference; lastKnownFileType = text.plist.strings; path = Localizable.strings; sourceTree = "<group>"; };
		6919579D2187749500DED1D2 /* Localizable.swift */ = {isa = PBXFileReference; lastKnownFileType = sourcecode.swift; path = Localizable.swift; sourceTree = "<group>"; };
		691957A02187797700DED1D2 /* AtmListCell.swift */ = {isa = PBXFileReference; lastKnownFileType = sourcecode.swift; path = AtmListCell.swift; sourceTree = "<group>"; };
		691957A22187798200DED1D2 /* AtmListCell.xib */ = {isa = PBXFileReference; lastKnownFileType = file.xib; path = AtmListCell.xib; sourceTree = "<group>"; };
		691957A421877CAA00DED1D2 /* AtmListCellViewModel.swift */ = {isa = PBXFileReference; lastKnownFileType = sourcecode.swift; path = AtmListCellViewModel.swift; sourceTree = "<group>"; };
		691957A62187807900DED1D2 /* UITableView+MapNavigator.swift */ = {isa = PBXFileReference; lastKnownFileType = sourcecode.swift; path = "UITableView+MapNavigator.swift"; sourceTree = "<group>"; };
		7414838021854687004296AE /* MapNavigator.app */ = {isa = PBXFileReference; explicitFileType = wrapper.application; includeInIndex = 0; path = MapNavigator.app; sourceTree = BUILT_PRODUCTS_DIR; };
		7414838321854687004296AE /* AppDelegate.swift */ = {isa = PBXFileReference; lastKnownFileType = sourcecode.swift; path = AppDelegate.swift; sourceTree = "<group>"; };
		7414838A21854689004296AE /* Assets.xcassets */ = {isa = PBXFileReference; lastKnownFileType = folder.assetcatalog; path = Assets.xcassets; sourceTree = "<group>"; };
		7414838D21854689004296AE /* Base */ = {isa = PBXFileReference; lastKnownFileType = file.storyboard; name = Base; path = Base.lproj/LaunchScreen.storyboard; sourceTree = "<group>"; };
		7414838F21854689004296AE /* Info.plist */ = {isa = PBXFileReference; lastKnownFileType = text.plist.xml; path = Info.plist; sourceTree = "<group>"; };
		7414839421854689004296AE /* MapNavigatorTests.xctest */ = {isa = PBXFileReference; explicitFileType = wrapper.cfbundle; includeInIndex = 0; path = MapNavigatorTests.xctest; sourceTree = BUILT_PRODUCTS_DIR; };
		7414839821854689004296AE /* MapNavigatorTests.swift */ = {isa = PBXFileReference; lastKnownFileType = sourcecode.swift; path = MapNavigatorTests.swift; sourceTree = "<group>"; };
		7414839A21854689004296AE /* Info.plist */ = {isa = PBXFileReference; lastKnownFileType = text.plist.xml; path = Info.plist; sourceTree = "<group>"; };
		744F53E421854E86006DB829 /* MainCoordinator.swift */ = {isa = PBXFileReference; lastKnownFileType = sourcecode.swift; path = MainCoordinator.swift; sourceTree = "<group>"; };
		744F53E621854FD0006DB829 /* InitialScreenViewController.swift */ = {isa = PBXFileReference; lastKnownFileType = sourcecode.swift; path = InitialScreenViewController.swift; sourceTree = "<group>"; };
		744F53E821855457006DB829 /* RootController.swift */ = {isa = PBXFileReference; fileEncoding = 4; lastKnownFileType = sourcecode.swift; path = RootController.swift; sourceTree = "<group>"; };
		744F53EC2185559F006DB829 /* UIView+MapNavigator.swift */ = {isa = PBXFileReference; lastKnownFileType = sourcecode.swift; path = "UIView+MapNavigator.swift"; sourceTree = "<group>"; };
		744F53EE21855838006DB829 /* InitialScreenViewController.xib */ = {isa = PBXFileReference; lastKnownFileType = file.xib; path = InitialScreenViewController.xib; sourceTree = "<group>"; };
		744F53F421867D6A006DB829 /* ATM_20181005_DEV.json */ = {isa = PBXFileReference; fileEncoding = 4; lastKnownFileType = text.json; path = ATM_20181005_DEV.json; sourceTree = "<group>"; };
		744F53F62186815E006DB829 /* Services.swift */ = {isa = PBXFileReference; lastKnownFileType = sourcecode.swift; path = Services.swift; sourceTree = "<group>"; };
		744F53FA218684E1006DB829 /* Atm.swift */ = {isa = PBXFileReference; lastKnownFileType = sourcecode.swift; path = Atm.swift; sourceTree = "<group>"; };
		744F53FC2186863E006DB829 /* Address.swift */ = {isa = PBXFileReference; lastKnownFileType = sourcecode.swift; path = Address.swift; sourceTree = "<group>"; };
		744F53FE218688E4006DB829 /* OpeningHours.swift */ = {isa = PBXFileReference; lastKnownFileType = sourcecode.swift; path = OpeningHours.swift; sourceTree = "<group>"; };
		744F540021868B93006DB829 /* Ratings.swift */ = {isa = PBXFileReference; lastKnownFileType = sourcecode.swift; path = Ratings.swift; sourceTree = "<group>"; };
		744F540221868E6F006DB829 /* InitialScreenViewModel.swift */ = {isa = PBXFileReference; lastKnownFileType = sourcecode.swift; path = InitialScreenViewModel.swift; sourceTree = "<group>"; };
		744F540421869AA0006DB829 /* String+MapNavigator.swift */ = {isa = PBXFileReference; lastKnownFileType = sourcecode.swift; path = "String+MapNavigator.swift"; sourceTree = "<group>"; };
		A222C5E949319421C63D1190 /* libPods-MapNavigator.a */ = {isa = PBXFileReference; explicitFileType = archive.ar; includeInIndex = 0; path = "libPods-MapNavigator.a"; sourceTree = BUILT_PRODUCTS_DIR; };
		B04E323989F0B932653BB04F /* Pods-MapNavigator.debug.xcconfig */ = {isa = PBXFileReference; includeInIndex = 1; lastKnownFileType = text.xcconfig; name = "Pods-MapNavigator.debug.xcconfig"; path = "Pods/Target Support Files/Pods-MapNavigator/Pods-MapNavigator.debug.xcconfig"; sourceTree = "<group>"; };
/* End PBXFileReference section */

/* Begin PBXFrameworksBuildPhase section */
		7414837D21854687004296AE /* Frameworks */ = {
			isa = PBXFrameworksBuildPhase;
			buildActionMask = 2147483647;
			files = (
				74A3F8491CF35D4C7CC9FE0B /* libPods-MapNavigator.a in Frameworks */,
			);
			runOnlyForDeploymentPostprocessing = 0;
		};
		7414839121854689004296AE /* Frameworks */ = {
			isa = PBXFrameworksBuildPhase;
			buildActionMask = 2147483647;
			files = (
			);
			runOnlyForDeploymentPostprocessing = 0;
		};
/* End PBXFrameworksBuildPhase section */

/* Begin PBXGroup section */
		554BFE6749B8B970175070A7 /* Pods */ = {
			isa = PBXGroup;
			children = (
				B04E323989F0B932653BB04F /* Pods-MapNavigator.debug.xcconfig */,
				573A6B81356B90102350239B /* Pods-MapNavigator.release.xcconfig */,
			);
			name = Pods;
			sourceTree = "<group>";
		};
		6919579F2187794000DED1D2 /* UIComponents */ = {
			isa = PBXGroup;
			children = (
				691957A02187797700DED1D2 /* AtmListCell.swift */,
				691957A22187798200DED1D2 /* AtmListCell.xib */,
				691957A421877CAA00DED1D2 /* AtmListCellViewModel.swift */,
			);
			path = UIComponents;
			sourceTree = "<group>";
		};
		7414837721854687004296AE = {
			isa = PBXGroup;
			children = (
				7414838221854687004296AE /* MapNavigator */,
				7414839721854689004296AE /* MapNavigatorTests */,
				7414838121854687004296AE /* Products */,
				554BFE6749B8B970175070A7 /* Pods */,
				E6CFD17A6E6B8010FCFF7D41 /* Frameworks */,
			);
			sourceTree = "<group>";
		};
		7414838121854687004296AE /* Products */ = {
			isa = PBXGroup;
			children = (
				7414838021854687004296AE /* MapNavigator.app */,
				7414839421854689004296AE /* MapNavigatorTests.xctest */,
			);
			name = Products;
			sourceTree = "<group>";
		};
		7414838221854687004296AE /* MapNavigator */ = {
			isa = PBXGroup;
			children = (
				744F53EB2185553B006DB829 /* Extensions */,
				744F53E321854E71006DB829 /* Base */,
				6919579F2187794000DED1D2 /* UIComponents */,
				744F53F121856888006DB829 /* Model */,
				744F53F22185689A006DB829 /* ViewModels */,
				744F53F021856869006DB829 /* ViewControllers */,
				744F53F321867D4C006DB829 /* Resources */,
				7414838321854687004296AE /* AppDelegate.swift */,
				7414838C21854689004296AE /* LaunchScreen.storyboard */,
				7414838F21854689004296AE /* Info.plist */,
			);
			path = MapNavigator;
			sourceTree = "<group>";
		};
		7414839721854689004296AE /* MapNavigatorTests */ = {
			isa = PBXGroup;
			children = (
				7414839821854689004296AE /* MapNavigatorTests.swift */,
				7414839A21854689004296AE /* Info.plist */,
			);
			path = MapNavigatorTests;
			sourceTree = "<group>";
		};
		744F53E321854E71006DB829 /* Base */ = {
			isa = PBXGroup;
			children = (
				744F53E421854E86006DB829 /* MainCoordinator.swift */,
				744F53E821855457006DB829 /* RootController.swift */,
				744F53F62186815E006DB829 /* Services.swift */,
			);
			path = Base;
			sourceTree = "<group>";
		};
		744F53EB2185553B006DB829 /* Extensions */ = {
			isa = PBXGroup;
			children = (
				744F53EC2185559F006DB829 /* UIView+MapNavigator.swift */,
				744F540421869AA0006DB829 /* String+MapNavigator.swift */,
				691957A62187807900DED1D2 /* UITableView+MapNavigator.swift */,
			);
			path = Extensions;
			sourceTree = "<group>";
		};
		744F53F021856869006DB829 /* ViewControllers */ = {
			isa = PBXGroup;
			children = (
				744F53E621854FD0006DB829 /* InitialScreenViewController.swift */,
				744F53EE21855838006DB829 /* InitialScreenViewController.xib */,
				6919579721876ABB00DED1D2 /* AtmListViewController.swift */,
				6919579921876AC900DED1D2 /* AtmListViewController.xib */,
			);
			path = ViewControllers;
			sourceTree = "<group>";
		};
		744F53F121856888006DB829 /* Model */ = {
			isa = PBXGroup;
			children = (
				744F53FA218684E1006DB829 /* Atm.swift */,
				744F53FC2186863E006DB829 /* Address.swift */,
				744F53FE218688E4006DB829 /* OpeningHours.swift */,
				744F540021868B93006DB829 /* Ratings.swift */,
			);
			path = Model;
			sourceTree = "<group>";
		};
		744F53F22185689A006DB829 /* ViewModels */ = {
			isa = PBXGroup;
			children = (
				744F540221868E6F006DB829 /* InitialScreenViewModel.swift */,
			);
			path = ViewModels;
			sourceTree = "<group>";
		};
		744F53F321867D4C006DB829 /* Resources */ = {
			isa = PBXGroup;
			children = (
				744F53F421867D6A006DB829 /* ATM_20181005_DEV.json */,
				7414838A21854689004296AE /* Assets.xcassets */,
				6919579B2187743A00DED1D2 /* Localizable.strings */,
				6919579D2187749500DED1D2 /* Localizable.swift */,
			);
			path = Resources;
			sourceTree = "<group>";
		};
		E6CFD17A6E6B8010FCFF7D41 /* Frameworks */ = {
			isa = PBXGroup;
			children = (
				A222C5E949319421C63D1190 /* libPods-MapNavigator.a */,
			);
			name = Frameworks;
			sourceTree = "<group>";
		};
/* End PBXGroup section */

/* Begin PBXNativeTarget section */
		7414837F21854687004296AE /* MapNavigator */ = {
			isa = PBXNativeTarget;
			buildConfigurationList = 7414839D21854689004296AE /* Build configuration list for PBXNativeTarget "MapNavigator" */;
			buildPhases = (
				7A968E2A63CF702294328A99 /* [CP] Check Pods Manifest.lock */,
				7414837C21854687004296AE /* Sources */,
				7414837D21854687004296AE /* Frameworks */,
				7414837E21854687004296AE /* Resources */,
				4CFB237C5636457B89E9D76B /* [CP] Embed Pods Frameworks */,
				96226AF789EFFB883763BFF8 /* [CP] Copy Pods Resources */,
			);
			buildRules = (
			);
			dependencies = (
			);
			name = MapNavigator;
			productName = MapNavigator;
			productReference = 7414838021854687004296AE /* MapNavigator.app */;
			productType = "com.apple.product-type.application";
		};
		7414839321854689004296AE /* MapNavigatorTests */ = {
			isa = PBXNativeTarget;
			buildConfigurationList = 741483A021854689004296AE /* Build configuration list for PBXNativeTarget "MapNavigatorTests" */;
			buildPhases = (
				7414839021854689004296AE /* Sources */,
				7414839121854689004296AE /* Frameworks */,
				7414839221854689004296AE /* Resources */,
			);
			buildRules = (
			);
			dependencies = (
				7414839621854689004296AE /* PBXTargetDependency */,
			);
			name = MapNavigatorTests;
			productName = MapNavigatorTests;
			productReference = 7414839421854689004296AE /* MapNavigatorTests.xctest */;
			productType = "com.apple.product-type.bundle.unit-test";
		};
/* End PBXNativeTarget section */

/* Begin PBXProject section */
		7414837821854687004296AE /* Project object */ = {
			isa = PBXProject;
			attributes = {
				LastSwiftUpdateCheck = 1000;
				LastUpgradeCheck = 1000;
				ORGANIZATIONNAME = "Claudio Sobrinho";
				TargetAttributes = {
					7414837F21854687004296AE = {
						CreatedOnToolsVersion = 10.0;
					};
					7414839321854689004296AE = {
						CreatedOnToolsVersion = 10.0;
						TestTargetID = 7414837F21854687004296AE;
					};
				};
			};
			buildConfigurationList = 7414837B21854687004296AE /* Build configuration list for PBXProject "MapNavigator" */;
			compatibilityVersion = "Xcode 9.3";
			developmentRegion = en;
			hasScannedForEncodings = 0;
			knownRegions = (
				en,
				Base,
			);
			mainGroup = 7414837721854687004296AE;
			productRefGroup = 7414838121854687004296AE /* Products */;
			projectDirPath = "";
			projectRoot = "";
			targets = (
				7414837F21854687004296AE /* MapNavigator */,
				7414839321854689004296AE /* MapNavigatorTests */,
			);
		};
/* End PBXProject section */

/* Begin PBXResourcesBuildPhase section */
		7414837E21854687004296AE /* Resources */ = {
			isa = PBXResourcesBuildPhase;
			buildActionMask = 2147483647;
			files = (
				7414838E21854689004296AE /* LaunchScreen.storyboard in Resources */,
				6919579C2187743A00DED1D2 /* Localizable.strings in Resources */,
				691957A32187798200DED1D2 /* AtmListCell.xib in Resources */,
				6919579A21876AC900DED1D2 /* AtmListViewController.xib in Resources */,
				744F53F521867D6A006DB829 /* ATM_20181005_DEV.json in Resources */,
				744F53EF21855838006DB829 /* InitialScreenViewController.xib in Resources */,
				7414838B21854689004296AE /* Assets.xcassets in Resources */,
			);
			runOnlyForDeploymentPostprocessing = 0;
		};
		7414839221854689004296AE /* Resources */ = {
			isa = PBXResourcesBuildPhase;
			buildActionMask = 2147483647;
			files = (
			);
			runOnlyForDeploymentPostprocessing = 0;
		};
/* End PBXResourcesBuildPhase section */

/* Begin PBXShellScriptBuildPhase section */
		4CFB237C5636457B89E9D76B /* [CP] Embed Pods Frameworks */ = {
			isa = PBXShellScriptBuildPhase;
			buildActionMask = 2147483647;
			files = (
			);
			inputPaths = (
			);
			name = "[CP] Embed Pods Frameworks";
			outputPaths = (
			);
			runOnlyForDeploymentPostprocessing = 0;
			shellPath = /bin/sh;
			shellScript = "\"${SRCROOT}/Pods/Target Support Files/Pods-MapNavigator/Pods-MapNavigator-frameworks.sh\"\n";
			showEnvVarsInLog = 0;
		};
		7A968E2A63CF702294328A99 /* [CP] Check Pods Manifest.lock */ = {
			isa = PBXShellScriptBuildPhase;
			buildActionMask = 2147483647;
			files = (
			);
			inputPaths = (
				"${PODS_PODFILE_DIR_PATH}/Podfile.lock",
				"${PODS_ROOT}/Manifest.lock",
			);
			name = "[CP] Check Pods Manifest.lock";
			outputPaths = (
				"$(DERIVED_FILE_DIR)/Pods-MapNavigator-checkManifestLockResult.txt",
			);
			runOnlyForDeploymentPostprocessing = 0;
			shellPath = /bin/sh;
			shellScript = "diff \"${PODS_PODFILE_DIR_PATH}/Podfile.lock\" \"${PODS_ROOT}/Manifest.lock\" > /dev/null\nif [ $? != 0 ] ; then\n    # print error to STDERR\n    echo \"error: The sandbox is not in sync with the Podfile.lock. Run 'pod install' or update your CocoaPods installation.\" >&2\n    exit 1\nfi\n# This output is used by Xcode 'outputs' to avoid re-running this script phase.\necho \"SUCCESS\" > \"${SCRIPT_OUTPUT_FILE_0}\"\n";
			showEnvVarsInLog = 0;
		};
		96226AF789EFFB883763BFF8 /* [CP] Copy Pods Resources */ = {
			isa = PBXShellScriptBuildPhase;
			buildActionMask = 2147483647;
			files = (
			);
			inputPaths = (
				"${SRCROOT}/Pods/Target Support Files/Pods-MapNavigator/Pods-MapNavigator-resources.sh",
				"${PODS_ROOT}/GoogleMaps/Maps/Frameworks/GoogleMaps.framework/Resources/GoogleMaps.bundle",
			);
			name = "[CP] Copy Pods Resources";
			outputPaths = (
				"${TARGET_BUILD_DIR}/${UNLOCALIZED_RESOURCES_FOLDER_PATH}/GoogleMaps.bundle",
			);
			runOnlyForDeploymentPostprocessing = 0;
			shellPath = /bin/sh;
			shellScript = "\"${SRCROOT}/Pods/Target Support Files/Pods-MapNavigator/Pods-MapNavigator-resources.sh\"\n";
			showEnvVarsInLog = 0;
		};
/* End PBXShellScriptBuildPhase section */

/* Begin PBXSourcesBuildPhase section */
		7414837C21854687004296AE /* Sources */ = {
			isa = PBXSourcesBuildPhase;
			buildActionMask = 2147483647;
			files = (
				744F53FD2186863E006DB829 /* Address.swift in Sources */,
				744F53E921855457006DB829 /* RootController.swift in Sources */,
				744F53F72186815E006DB829 /* Services.swift in Sources */,
				691957A12187797700DED1D2 /* AtmListCell.swift in Sources */,
				744F53ED2185559F006DB829 /* UIView+MapNavigator.swift in Sources */,
				744F540521869AA0006DB829 /* String+MapNavigator.swift in Sources */,
				744F53E521854E86006DB829 /* MainCoordinator.swift in Sources */,
				7414838421854687004296AE /* AppDelegate.swift in Sources */,
				744F540121868B93006DB829 /* Ratings.swift in Sources */,
				6919579E2187749500DED1D2 /* Localizable.swift in Sources */,
				744F53E721854FD0006DB829 /* InitialScreenViewController.swift in Sources */,
				6919579821876ABB00DED1D2 /* AtmListViewController.swift in Sources */,
				744F53FB218684E1006DB829 /* Atm.swift in Sources */,
				744F540321868E6F006DB829 /* InitialScreenViewModel.swift in Sources */,
				744F53FF218688E4006DB829 /* OpeningHours.swift in Sources */,
				691957A521877CAA00DED1D2 /* AtmListCellViewModel.swift in Sources */,
				691957A72187807900DED1D2 /* UITableView+MapNavigator.swift in Sources */,
			);
			runOnlyForDeploymentPostprocessing = 0;
		};
		7414839021854689004296AE /* Sources */ = {
			isa = PBXSourcesBuildPhase;
			buildActionMask = 2147483647;
			files = (
				7414839921854689004296AE /* MapNavigatorTests.swift in Sources */,
			);
			runOnlyForDeploymentPostprocessing = 0;
		};
/* End PBXSourcesBuildPhase section */

/* Begin PBXTargetDependency section */
		7414839621854689004296AE /* PBXTargetDependency */ = {
			isa = PBXTargetDependency;
			target = 7414837F21854687004296AE /* MapNavigator */;
			targetProxy = 7414839521854689004296AE /* PBXContainerItemProxy */;
		};
/* End PBXTargetDependency section */

/* Begin PBXVariantGroup section */
		7414838C21854689004296AE /* LaunchScreen.storyboard */ = {
			isa = PBXVariantGroup;
			children = (
				7414838D21854689004296AE /* Base */,
			);
			name = LaunchScreen.storyboard;
			sourceTree = "<group>";
		};
/* End PBXVariantGroup section */

/* Begin XCBuildConfiguration section */
		7414839B21854689004296AE /* Debug */ = {
			isa = XCBuildConfiguration;
			buildSettings = {
				ALWAYS_SEARCH_USER_PATHS = NO;
				CLANG_ANALYZER_NONNULL = YES;
				CLANG_ANALYZER_NUMBER_OBJECT_CONVERSION = YES_AGGRESSIVE;
				CLANG_CXX_LANGUAGE_STANDARD = "gnu++14";
				CLANG_CXX_LIBRARY = "libc++";
				CLANG_ENABLE_MODULES = YES;
				CLANG_ENABLE_OBJC_ARC = YES;
				CLANG_ENABLE_OBJC_WEAK = YES;
				CLANG_WARN_BLOCK_CAPTURE_AUTORELEASING = YES;
				CLANG_WARN_BOOL_CONVERSION = YES;
				CLANG_WARN_COMMA = YES;
				CLANG_WARN_CONSTANT_CONVERSION = YES;
				CLANG_WARN_DEPRECATED_OBJC_IMPLEMENTATIONS = YES;
				CLANG_WARN_DIRECT_OBJC_ISA_USAGE = YES_ERROR;
				CLANG_WARN_DOCUMENTATION_COMMENTS = YES;
				CLANG_WARN_EMPTY_BODY = YES;
				CLANG_WARN_ENUM_CONVERSION = YES;
				CLANG_WARN_INFINITE_RECURSION = YES;
				CLANG_WARN_INT_CONVERSION = YES;
				CLANG_WARN_NON_LITERAL_NULL_CONVERSION = YES;
				CLANG_WARN_OBJC_IMPLICIT_RETAIN_SELF = YES;
				CLANG_WARN_OBJC_LITERAL_CONVERSION = YES;
				CLANG_WARN_OBJC_ROOT_CLASS = YES_ERROR;
				CLANG_WARN_RANGE_LOOP_ANALYSIS = YES;
				CLANG_WARN_STRICT_PROTOTYPES = YES;
				CLANG_WARN_SUSPICIOUS_MOVE = YES;
				CLANG_WARN_UNGUARDED_AVAILABILITY = YES_AGGRESSIVE;
				CLANG_WARN_UNREACHABLE_CODE = YES;
				CLANG_WARN__DUPLICATE_METHOD_MATCH = YES;
				CODE_SIGN_IDENTITY = "iPhone Developer";
				COPY_PHASE_STRIP = NO;
				DEBUG_INFORMATION_FORMAT = dwarf;
				ENABLE_STRICT_OBJC_MSGSEND = YES;
				ENABLE_TESTABILITY = YES;
				GCC_C_LANGUAGE_STANDARD = gnu11;
				GCC_DYNAMIC_NO_PIC = NO;
				GCC_NO_COMMON_BLOCKS = YES;
				GCC_OPTIMIZATION_LEVEL = 0;
				GCC_PREPROCESSOR_DEFINITIONS = (
					"DEBUG=1",
					"$(inherited)",
				);
				GCC_WARN_64_TO_32_BIT_CONVERSION = YES;
				GCC_WARN_ABOUT_RETURN_TYPE = YES_ERROR;
				GCC_WARN_UNDECLARED_SELECTOR = YES;
				GCC_WARN_UNINITIALIZED_AUTOS = YES_AGGRESSIVE;
				GCC_WARN_UNUSED_FUNCTION = YES;
				GCC_WARN_UNUSED_VARIABLE = YES;
				IPHONEOS_DEPLOYMENT_TARGET = 12.0;
				MTL_ENABLE_DEBUG_INFO = INCLUDE_SOURCE;
				MTL_FAST_MATH = YES;
				ONLY_ACTIVE_ARCH = YES;
				SDKROOT = iphoneos;
				SWIFT_ACTIVE_COMPILATION_CONDITIONS = DEBUG;
				SWIFT_OPTIMIZATION_LEVEL = "-Onone";
			};
			name = Debug;
		};
		7414839C21854689004296AE /* Release */ = {
			isa = XCBuildConfiguration;
			buildSettings = {
				ALWAYS_SEARCH_USER_PATHS = NO;
				CLANG_ANALYZER_NONNULL = YES;
				CLANG_ANALYZER_NUMBER_OBJECT_CONVERSION = YES_AGGRESSIVE;
				CLANG_CXX_LANGUAGE_STANDARD = "gnu++14";
				CLANG_CXX_LIBRARY = "libc++";
				CLANG_ENABLE_MODULES = YES;
				CLANG_ENABLE_OBJC_ARC = YES;
				CLANG_ENABLE_OBJC_WEAK = YES;
				CLANG_WARN_BLOCK_CAPTURE_AUTORELEASING = YES;
				CLANG_WARN_BOOL_CONVERSION = YES;
				CLANG_WARN_COMMA = YES;
				CLANG_WARN_CONSTANT_CONVERSION = YES;
				CLANG_WARN_DEPRECATED_OBJC_IMPLEMENTATIONS = YES;
				CLANG_WARN_DIRECT_OBJC_ISA_USAGE = YES_ERROR;
				CLANG_WARN_DOCUMENTATION_COMMENTS = YES;
				CLANG_WARN_EMPTY_BODY = YES;
				CLANG_WARN_ENUM_CONVERSION = YES;
				CLANG_WARN_INFINITE_RECURSION = YES;
				CLANG_WARN_INT_CONVERSION = YES;
				CLANG_WARN_NON_LITERAL_NULL_CONVERSION = YES;
				CLANG_WARN_OBJC_IMPLICIT_RETAIN_SELF = YES;
				CLANG_WARN_OBJC_LITERAL_CONVERSION = YES;
				CLANG_WARN_OBJC_ROOT_CLASS = YES_ERROR;
				CLANG_WARN_RANGE_LOOP_ANALYSIS = YES;
				CLANG_WARN_STRICT_PROTOTYPES = YES;
				CLANG_WARN_SUSPICIOUS_MOVE = YES;
				CLANG_WARN_UNGUARDED_AVAILABILITY = YES_AGGRESSIVE;
				CLANG_WARN_UNREACHABLE_CODE = YES;
				CLANG_WARN__DUPLICATE_METHOD_MATCH = YES;
				CODE_SIGN_IDENTITY = "iPhone Developer";
				COPY_PHASE_STRIP = NO;
				DEBUG_INFORMATION_FORMAT = "dwarf-with-dsym";
				ENABLE_NS_ASSERTIONS = NO;
				ENABLE_STRICT_OBJC_MSGSEND = YES;
				GCC_C_LANGUAGE_STANDARD = gnu11;
				GCC_NO_COMMON_BLOCKS = YES;
				GCC_WARN_64_TO_32_BIT_CONVERSION = YES;
				GCC_WARN_ABOUT_RETURN_TYPE = YES_ERROR;
				GCC_WARN_UNDECLARED_SELECTOR = YES;
				GCC_WARN_UNINITIALIZED_AUTOS = YES_AGGRESSIVE;
				GCC_WARN_UNUSED_FUNCTION = YES;
				GCC_WARN_UNUSED_VARIABLE = YES;
				IPHONEOS_DEPLOYMENT_TARGET = 12.0;
				MTL_ENABLE_DEBUG_INFO = NO;
				MTL_FAST_MATH = YES;
				SDKROOT = iphoneos;
				SWIFT_COMPILATION_MODE = wholemodule;
				SWIFT_OPTIMIZATION_LEVEL = "-O";
				VALIDATE_PRODUCT = YES;
			};
			name = Release;
		};
		7414839E21854689004296AE /* Debug */ = {
			isa = XCBuildConfiguration;
			baseConfigurationReference = B04E323989F0B932653BB04F /* Pods-MapNavigator.debug.xcconfig */;
			buildSettings = {
				ASSETCATALOG_COMPILER_APPICON_NAME = AppIcon;
				CODE_SIGN_STYLE = Automatic;
				DEVELOPMENT_TEAM = BWR284E7E7;
				INFOPLIST_FILE = MapNavigator/Info.plist;
				LD_RUNPATH_SEARCH_PATHS = (
					"$(inherited)",
					"@executable_path/Frameworks",
				);
				PRODUCT_BUNDLE_IDENTIFIER = claudiosobrinho.MapNavigator;
				PRODUCT_NAME = "$(TARGET_NAME)";
				SWIFT_VERSION = 4.2;
				TARGETED_DEVICE_FAMILY = "1,2";
			};
			name = Debug;
		};
		7414839F21854689004296AE /* Release */ = {
			isa = XCBuildConfiguration;
			baseConfigurationReference = 573A6B81356B90102350239B /* Pods-MapNavigator.release.xcconfig */;
			buildSettings = {
				ASSETCATALOG_COMPILER_APPICON_NAME = AppIcon;
				CODE_SIGN_STYLE = Automatic;
				DEVELOPMENT_TEAM = BWR284E7E7;
				INFOPLIST_FILE = MapNavigator/Info.plist;
				LD_RUNPATH_SEARCH_PATHS = (
					"$(inherited)",
					"@executable_path/Frameworks",
				);
				PRODUCT_BUNDLE_IDENTIFIER = claudiosobrinho.MapNavigator;
				PRODUCT_NAME = "$(TARGET_NAME)";
				SWIFT_VERSION = 4.2;
				TARGETED_DEVICE_FAMILY = "1,2";
			};
			name = Release;
		};
		741483A121854689004296AE /* Debug */ = {
			isa = XCBuildConfiguration;
			buildSettings = {
				ALWAYS_EMBED_SWIFT_STANDARD_LIBRARIES = YES;
				BUNDLE_LOADER = "$(TEST_HOST)";
				CODE_SIGN_STYLE = Automatic;
				DEVELOPMENT_TEAM = BWR284E7E7;
				INFOPLIST_FILE = MapNavigatorTests/Info.plist;
				LD_RUNPATH_SEARCH_PATHS = (
					"$(inherited)",
					"@executable_path/Frameworks",
					"@loader_path/Frameworks",
				);
				PRODUCT_BUNDLE_IDENTIFIER = claudiosobrinho.MapNavigatorTests;
				PRODUCT_NAME = "$(TARGET_NAME)";
				SWIFT_VERSION = 4.2;
				TARGETED_DEVICE_FAMILY = "1,2";
				TEST_HOST = "$(BUILT_PRODUCTS_DIR)/MapNavigator.app/MapNavigator";
			};
			name = Debug;
		};
		741483A221854689004296AE /* Release */ = {
			isa = XCBuildConfiguration;
			buildSettings = {
				ALWAYS_EMBED_SWIFT_STANDARD_LIBRARIES = YES;
				BUNDLE_LOADER = "$(TEST_HOST)";
				CODE_SIGN_STYLE = Automatic;
				DEVELOPMENT_TEAM = BWR284E7E7;
				INFOPLIST_FILE = MapNavigatorTests/Info.plist;
				LD_RUNPATH_SEARCH_PATHS = (
					"$(inherited)",
					"@executable_path/Frameworks",
					"@loader_path/Frameworks",
				);
				PRODUCT_BUNDLE_IDENTIFIER = claudiosobrinho.MapNavigatorTests;
				PRODUCT_NAME = "$(TARGET_NAME)";
				SWIFT_VERSION = 4.2;
				TARGETED_DEVICE_FAMILY = "1,2";
				TEST_HOST = "$(BUILT_PRODUCTS_DIR)/MapNavigator.app/MapNavigator";
			};
			name = Release;
		};
/* End XCBuildConfiguration section */

/* Begin XCConfigurationList section */
		7414837B21854687004296AE /* Build configuration list for PBXProject "MapNavigator" */ = {
			isa = XCConfigurationList;
			buildConfigurations = (
				7414839B21854689004296AE /* Debug */,
				7414839C21854689004296AE /* Release */,
			);
			defaultConfigurationIsVisible = 0;
			defaultConfigurationName = Release;
		};
		7414839D21854689004296AE /* Build configuration list for PBXNativeTarget "MapNavigator" */ = {
			isa = XCConfigurationList;
			buildConfigurations = (
				7414839E21854689004296AE /* Debug */,
				7414839F21854689004296AE /* Release */,
			);
			defaultConfigurationIsVisible = 0;
			defaultConfigurationName = Release;
		};
		741483A021854689004296AE /* Build configuration list for PBXNativeTarget "MapNavigatorTests" */ = {
			isa = XCConfigurationList;
			buildConfigurations = (
				741483A121854689004296AE /* Debug */,
				741483A221854689004296AE /* Release */,
			);
			defaultConfigurationIsVisible = 0;
			defaultConfigurationName = Release;
		};
/* End XCConfigurationList section */
	};
	rootObject = 7414837821854687004296AE /* Project object */;
}
